
Microsoft Visual Studio Solution File, Format Version 12.00
# Visual Studio Version 17
VisualStudioVersion = 17.3.32929.385
MinimumVisualStudioVersion = 10.0.40219.1
Project("{9A19103F-16F7-4668-BE54-9A1E7A4F7556}") = "WebCalendar.Infrastructure", "WebCalendar.Infrostructure\WebCalendar.Infrastructure.csproj", "{669FBDDE-7463-4F82-BCC9-D1D226426F5E}"
EndProject
Project("{9A19103F-16F7-4668-BE54-9A1E7A4F7556}") = "WebCalendar.API", "WebCalendar.API\WebCalendar.API.csproj", "{28495492-F46A-4FA7-9F60-883D6AE4D7E4}"
EndProject
Project("{9A19103F-16F7-4668-BE54-9A1E7A4F7556}") = "WebCalendar.Application", "WebCalendar.Application\WebCalendar.Application.csproj", "{304A431A-3EED-48D3-AD64-44376F86EE47}"
EndProject
Project("{9A19103F-16F7-4668-BE54-9A1E7A4F7556}") = "WebCalendar.Domain", "WebCalendar.Domain\WebCalendar.Domain.csproj", "{3AA7CBA7-77E2-4057-A107-27A479E544CB}"
EndProject
Global
	GlobalSection(SolutionConfigurationPlatforms) = preSolution
		Debug|Any CPU = Debug|Any CPU
		Release|Any CPU = Release|Any CPU
	EndGlobalSection
	GlobalSection(ProjectConfigurationPlatforms) = postSolution
		{669FBDDE-7463-4F82-BCC9-D1D226426F5E}.Debug|Any CPU.ActiveCfg = Debug|Any CPU
		{669FBDDE-7463-4F82-BCC9-D1D226426F5E}.Debug|Any CPU.Build.0 = Debug|Any CPU
		{669FBDDE-7463-4F82-BCC9-D1D226426F5E}.Release|Any CPU.ActiveCfg = Release|Any CPU
		{669FBDDE-7463-4F82-BCC9-D1D226426F5E}.Release|Any CPU.Build.0 = Release|Any CPU
		{28495492-F46A-4FA7-9F60-883D6AE4D7E4}.Debug|Any CPU.ActiveCfg = Debug|Any CPU
		{28495492-F46A-4FA7-9F60-883D6AE4D7E4}.Debug|Any CPU.Build.0 = Debug|Any CPU
		{28495492-F46A-4FA7-9F60-883D6AE4D7E4}.Release|Any CPU.ActiveCfg = Release|Any CPU
		{28495492-F46A-4FA7-9F60-883D6AE4D7E4}.Release|Any CPU.Build.0 = Release|Any CPU
		{304A431A-3EED-48D3-AD64-44376F86EE47}.Debug|Any CPU.ActiveCfg = Debug|Any CPU
		{304A431A-3EED-48D3-AD64-44376F86EE47}.Debug|Any CPU.Build.0 = Debug|Any CPU
		{304A431A-3EED-48D3-AD64-44376F86EE47}.Release|Any CPU.ActiveCfg = Release|Any CPU
		{304A431A-3EED-48D3-AD64-44376F86EE47}.Release|Any CPU.Build.0 = Release|Any CPU
		{3AA7CBA7-77E2-4057-A107-27A479E544CB}.Debug|Any CPU.ActiveCfg = Debug|Any CPU
		{3AA7CBA7-77E2-4057-A107-27A479E544CB}.Debug|Any CPU.Build.0 = Debug|Any CPU
		{3AA7CBA7-77E2-4057-A107-27A479E544CB}.Release|Any CPU.ActiveCfg = Release|Any CPU
		{3AA7CBA7-77E2-4057-A107-27A479E544CB}.Release|Any CPU.Build.0 = Release|Any CPU
	EndGlobalSection
	GlobalSection(SolutionProperties) = preSolution
		HideSolutionNode = FALSE
	EndGlobalSection
	GlobalSection(ExtensibilityGlobals) = postSolution
		SolutionGuid = {0C824CD8-81FA-4F2B-A46D-0769D3EAB610}
	EndGlobalSection
EndGlobal
